# THIS IS AN AUTOGENERATED FILE. DO NOT EDIT THIS FILE DIRECTLY.
# yarn lockfile v1


"@tweenjs/tween.js@~23.1.3":
  version "23.1.3"
  resolved "https://npmjs-dev.maycur.com/@tweenjs%2ftween.js/-/tween.js-23.1.3.tgz#eff0245735c04a928bb19c026b58c2a56460539d"
  integrity sha512-vJmvvwFxYuGnF2axRtPYocag6Clbb5YS7kLL+SO/TeVFzHqDIWrNKYtcsPMibjDx9O+bu+psAy9NKfWklassUA==

"@types/stats.js@*":
  version "0.17.3"
  resolved "https://npmjs-dev.maycur.com/@types%2fstats.js/-/stats.js-0.17.3.tgz#705446e12ce0fad618557dd88236f51148b7a935"
  integrity sha512-pXNfAD3KHOdif9EQXZ9deK82HVNaXP5ZIF5RP2QG6OQFNTaY2YIetfrE9t528vEreGQvEPRDDc8muaoYeK0SxQ==

"@types/three@^0.175.0":
  version "0.175.0"
  resolved "https://npmjs-dev.maycur.com/@types%2fthree/-/three-0.175.0.tgz#dfb15b3e2d09a16c6e2fd8caeaf5c35f7b6d7e6a"
  integrity sha512-ldMSBgtZOZ3g9kJ3kOZSEtZIEITmJOzu8eKVpkhf036GuNkM4mt0NXecrjCn5tMm1OblOF7dZehlaDypBfNokw==
  dependencies:
    "@tweenjs/tween.js" "~23.1.3"
    "@types/stats.js" "*"
    "@types/webxr" "*"
    "@webgpu/types" "*"
    fflate "~0.8.2"
    meshoptimizer "~0.18.1"

"@types/webxr@*":
  version "0.5.21"
  resolved "https://npmjs-dev.maycur.com/@types%2fwebxr/-/webxr-0.5.21.tgz#2e25353af14c7569bcf082f2fb75921d2130db7e"
  integrity sha512-geZIAtLzjGmgY2JUi6VxXdCrTb99A7yP49lxLr2Nm/uIK0PkkxcEi4OGhoGDO4pxCf3JwGz2GiJL2Ej4K2bKaA==

"@webgpu/types@*":
  version "0.1.60"
  resolved "https://npmjs-dev.maycur.com/@webgpu%2ftypes/-/types-0.1.60.tgz#4f58e763ce060a81b03ab7ee1ad879c7024923fd"
  integrity sha512-8B/tdfRFKdrnejqmvq95ogp8tf52oZ51p3f4QD5m5Paey/qlX4Rhhy5Y8tgFMi7Ms70HzcMMw3EQjH/jdhTwlA==

fflate@~0.8.2:
  version "0.8.2"
  resolved "https://npmjs-dev.maycur.com/fflate/-/fflate-0.8.2.tgz#fc8631f5347812ad6028bbe4a2308b2792aa1dea"
  integrity sha512-cPJU47OaAoCbg0pBvzsgpTPhmhqI5eJjh/JIu8tPj5q+T7iLvW/JAYUqmE7KOB4R1ZyEhzBaIQpQpardBF5z8A==

meshoptimizer@~0.18.1:
  version "0.18.1"
  resolved "https://npmjs-dev.maycur.com/meshoptimizer/-/meshoptimizer-0.18.1.tgz#cdb90907f30a7b5b1190facd3b7ee6b7087797d8"
  integrity sha512-ZhoIoL7TNV4s5B6+rx5mC//fw8/POGyNxS/DZyCJeiZ12ScLfVwRE/GfsxwiTkMYYD5DmK2/JXnEVXqL4rF+Sw==
